
Microsoft Visual Studio Solution File, Format Version 12.00
# Visual Studio Version 17
VisualStudioVersion = 17.4.33213.308
MinimumVisualStudioVersion = 10.0.40219.1
Project("{9A19103F-16F7-4668-BE54-9A1E7A4F7556}") = "TransactionalFilter", "TransactionalFilter\TransactionalFilter.csproj", "{2444E8BE-C478-41A1-8613-3D4C097CE884}"
EndProject
Global
	GlobalSection(SolutionConfigurationPlatforms) = preSolution
		Debug|Any CPU = Debug|Any CPU
		Release|Any CPU = Release|Any CPU
	EndGlobalSection
	GlobalSection(ProjectConfigurationPlatforms) = postSolution
		{2444E8BE-C478-41A1-8613-3D4C097CE884}.Debug|Any CPU.ActiveCfg = Debug|Any CPU
		{2444E8BE-C478-41A1-8613-3D4C097CE884}.Debug|Any CPU.Build.0 = Debug|Any CPU
		{2444E8BE-C478-41A1-8613-3D4C097CE884}.Release|Any CPU.ActiveCfg = Release|Any CPU
		{2444E8BE-C478-41A1-8613-3D4C097CE884}.Release|Any CPU.Build.0 = Release|Any CPU
	EndGlobalSection
	GlobalSection(SolutionProperties) = preSolution
		HideSolutionNode = FALSE
	EndGlobalSection
	GlobalSection(ExtensibilityGlobals) = postSolution
		SolutionGuid = {291BCBA0-B1EF-47F7-834B-66AD9F9ED611}
	EndGlobalSection
EndGlobal
